
Microsoft Visual Studio Solution File, Format Version 12.00
# Visual Studio Version 17
VisualStudioVersion = 17.7.34031.279
MinimumVisualStudioVersion = 10.0.40219.1
Project("{8BC9CEB8-8B4A-11D0-8D11-00A0C91BC942}") = "6.15-倒序打印", "6.15-倒序打印.vcxproj", "{C41F5503-3622-41B9-A219-50FF72F34679}"
EndProject
Global
	GlobalSection(SolutionConfigurationPlatforms) = preSolution
		Debug|x64 = Debug|x64
		Debug|x86 = Debug|x86
		Release|x64 = Release|x64
		Release|x86 = Release|x86
	EndGlobalSection
	GlobalSection(ProjectConfigurationPlatforms) = postSolution
		{C41F5503-3622-41B9-A219-50FF72F34679}.Debug|x64.ActiveCfg = Debug|x64
		{C41F5503-3622-41B9-A219-50FF72F34679}.Debug|x64.Build.0 = Debug|x64
		{C41F5503-3622-41B9-A219-50FF72F34679}.Debug|x86.ActiveCfg = Debug|Win32
		{C41F5503-3622-41B9-A219-50FF72F34679}.Debug|x86.Build.0 = Debug|Win32
		{C41F5503-3622-41B9-A219-50FF72F34679}.Release|x64.ActiveCfg = Release|x64
		{C41F5503-3622-41B9-A219-50FF72F34679}.Release|x64.Build.0 = Release|x64
		{C41F5503-3622-41B9-A219-50FF72F34679}.Release|x86.ActiveCfg = Release|Win32
		{C41F5503-3622-41B9-A219-50FF72F34679}.Release|x86.Build.0 = Release|Win32
	EndGlobalSection
	GlobalSection(SolutionProperties) = preSolution
		HideSolutionNode = FALSE
	EndGlobalSection
	GlobalSection(ExtensibilityGlobals) = postSolution
		SolutionGuid = {D903ED70-1AD8-445C-8A20-B2236712EBC9}
	EndGlobalSection
EndGlobal
