
Microsoft Visual Studio Solution File, Format Version 12.00
# Visual Studio Version 17
VisualStudioVersion = 17.7.34031.279
MinimumVisualStudioVersion = 10.0.40219.1
Project("{8BC9CEB8-8B4A-11D0-8D11-00A0C91BC942}") = "7.3-读取整数", "7.3-读取整数.vcxproj", "{0A2CC668-1FFA-4C19-85C2-B3C6AF03BCF8}"
EndProject
Global
	GlobalSection(SolutionConfigurationPlatforms) = preSolution
		Debug|x64 = Debug|x64
		Debug|x86 = Debug|x86
		Release|x64 = Release|x64
		Release|x86 = Release|x86
	EndGlobalSection
	GlobalSection(ProjectConfigurationPlatforms) = postSolution
		{0A2CC668-1FFA-4C19-85C2-B3C6AF03BCF8}.Debug|x64.ActiveCfg = Debug|x64
		{0A2CC668-1FFA-4C19-85C2-B3C6AF03BCF8}.Debug|x64.Build.0 = Debug|x64
		{0A2CC668-1FFA-4C19-85C2-B3C6AF03BCF8}.Debug|x86.ActiveCfg = Debug|Win32
		{0A2CC668-1FFA-4C19-85C2-B3C6AF03BCF8}.Debug|x86.Build.0 = Debug|Win32
		{0A2CC668-1FFA-4C19-85C2-B3C6AF03BCF8}.Release|x64.ActiveCfg = Release|x64
		{0A2CC668-1FFA-4C19-85C2-B3C6AF03BCF8}.Release|x64.Build.0 = Release|x64
		{0A2CC668-1FFA-4C19-85C2-B3C6AF03BCF8}.Release|x86.ActiveCfg = Release|Win32
		{0A2CC668-1FFA-4C19-85C2-B3C6AF03BCF8}.Release|x86.Build.0 = Release|Win32
	EndGlobalSection
	GlobalSection(SolutionProperties) = preSolution
		HideSolutionNode = FALSE
	EndGlobalSection
	GlobalSection(ExtensibilityGlobals) = postSolution
		SolutionGuid = {9306200D-46CE-455F-8F80-7150A3963F33}
	EndGlobalSection
EndGlobal
